
Microsoft Visual Studio Solution File, Format Version 12.00
# Visual Studio 14
VisualStudioVersion = 14.0.24720.0
MinimumVisualStudioVersion = 10.0.40219.1
Project("{FAE04EC0-301F-11D3-BF4B-00C04F79EFBC}") = "InterventionManagement.Data", "InterventionManagement.Data\InterventionManagement.Data.csproj", "{BBE4B9F1-7306-40D8-93E8-8D2732CE2A85}"
EndProject
Project("{FAE04EC0-301F-11D3-BF4B-00C04F79EFBC}") = "InterventionManagement.Business", "InterventionManagement.Business\InterventionManagement.Business.csproj", "{B10A8BB1-C8AD-4848-BCFF-0951A2ECF589}"
EndProject
Project("{FAE04EC0-301F-11D3-BF4B-00C04F79EFBC}") = "InterventionManagement.Test", "InterventionManagement.Test\InterventionManagement.Test.csproj", "{1C0E3B34-D405-4498-9121-B324F2021536}"
EndProject
Project("{FAE04EC0-301F-11D3-BF4B-00C04F79EFBC}") = "InterventionManagement.Web", "InterventionManagement.Web\InterventionManagement.Web.csproj", "{F6303062-649F-496A-B037-CC777DE5B1F7}"
EndProject
Global
	GlobalSection(SolutionConfigurationPlatforms) = preSolution
		Debug|Any CPU = Debug|Any CPU
		Release|Any CPU = Release|Any CPU
	EndGlobalSection
	GlobalSection(ProjectConfigurationPlatforms) = postSolution
		{BBE4B9F1-7306-40D8-93E8-8D2732CE2A85}.Debug|Any CPU.ActiveCfg = Debug|Any CPU
		{BBE4B9F1-7306-40D8-93E8-8D2732CE2A85}.Debug|Any CPU.Build.0 = Debug|Any CPU
		{BBE4B9F1-7306-40D8-93E8-8D2732CE2A85}.Release|Any CPU.ActiveCfg = Release|Any CPU
		{BBE4B9F1-7306-40D8-93E8-8D2732CE2A85}.Release|Any CPU.Build.0 = Release|Any CPU
		{B10A8BB1-C8AD-4848-BCFF-0951A2ECF589}.Debug|Any CPU.ActiveCfg = Debug|Any CPU
		{B10A8BB1-C8AD-4848-BCFF-0951A2ECF589}.Debug|Any CPU.Build.0 = Debug|Any CPU
		{B10A8BB1-C8AD-4848-BCFF-0951A2ECF589}.Release|Any CPU.ActiveCfg = Release|Any CPU
		{B10A8BB1-C8AD-4848-BCFF-0951A2ECF589}.Release|Any CPU.Build.0 = Release|Any CPU
		{1C0E3B34-D405-4498-9121-B324F2021536}.Debug|Any CPU.ActiveCfg = Debug|Any CPU
		{1C0E3B34-D405-4498-9121-B324F2021536}.Debug|Any CPU.Build.0 = Debug|Any CPU
		{1C0E3B34-D405-4498-9121-B324F2021536}.Release|Any CPU.ActiveCfg = Release|Any CPU
		{1C0E3B34-D405-4498-9121-B324F2021536}.Release|Any CPU.Build.0 = Release|Any CPU
		{F6303062-649F-496A-B037-CC777DE5B1F7}.Debug|Any CPU.ActiveCfg = Debug|Any CPU
		{F6303062-649F-496A-B037-CC777DE5B1F7}.Debug|Any CPU.Build.0 = Debug|Any CPU
		{F6303062-649F-496A-B037-CC777DE5B1F7}.Release|Any CPU.ActiveCfg = Release|Any CPU
		{F6303062-649F-496A-B037-CC777DE5B1F7}.Release|Any CPU.Build.0 = Release|Any CPU
	EndGlobalSection
	GlobalSection(SolutionProperties) = preSolution
		HideSolutionNode = FALSE
	EndGlobalSection
EndGlobal
